
Microsoft Visual Studio Solution File, Format Version 12.00
# Visual Studio Version 17
VisualStudioVersion = 17.5.33502.453
MinimumVisualStudioVersion = 10.0.40219.1
Project("{8BC9CEB8-8B4A-11D0-8D11-00A0C91BC942}") = "SVD", "SVD\SVD.vcxproj", "{BEFE4ADF-9593-47A0-91DE-3BFAC0551766}"
EndProject
Global
	GlobalSection(SolutionConfigurationPlatforms) = preSolution
		Debug|x64 = Debug|x64
		Debug|x86 = Debug|x86
		Release|x64 = Release|x64
		Release|x86 = Release|x86
	EndGlobalSection
	GlobalSection(ProjectConfigurationPlatforms) = postSolution
		{BEFE4ADF-9593-47A0-91DE-3BFAC0551766}.Debug|x64.ActiveCfg = Debug|x64
		{BEFE4ADF-9593-47A0-91DE-3BFAC0551766}.Debug|x64.Build.0 = Debug|x64
		{BEFE4ADF-9593-47A0-91DE-3BFAC0551766}.Debug|x86.ActiveCfg = Debug|Win32
		{BEFE4ADF-9593-47A0-91DE-3BFAC0551766}.Debug|x86.Build.0 = Debug|Win32
		{BEFE4ADF-9593-47A0-91DE-3BFAC0551766}.Release|x64.ActiveCfg = Release|x64
		{BEFE4ADF-9593-47A0-91DE-3BFAC0551766}.Release|x64.Build.0 = Release|x64
		{BEFE4ADF-9593-47A0-91DE-3BFAC0551766}.Release|x86.ActiveCfg = Release|Win32
		{BEFE4ADF-9593-47A0-91DE-3BFAC0551766}.Release|x86.Build.0 = Release|Win32
	EndGlobalSection
	GlobalSection(SolutionProperties) = preSolution
		HideSolutionNode = FALSE
	EndGlobalSection
	GlobalSection(ExtensibilityGlobals) = postSolution
		SolutionGuid = {B858CACC-A5DC-40D8-B202-96273582337D}
	EndGlobalSection
EndGlobal
